
Microsoft Visual Studio Solution File, Format Version 11.00
# Visual Studio 2010
Project("{FAE04EC0-301F-11D3-BF4B-00C04F79EFBC}") = "Utilities", "Utilities\Utilities.csproj", "{301A8CA6-8B0D-40B5-A6AC-0671FE9EE74D}"
EndProject
Project("{FAE04EC0-301F-11D3-BF4B-00C04F79EFBC}") = "Mathematics", "Mathematics\Mathematics.csproj", "{0C268918-73CB-46FB-93C8-87792CF351FA}"
EndProject
Project("{2150E333-8FDC-42A3-9474-1A3956D46DE8}") = "Solution Items", "Solution Items", "{0344BDC8-12A7-49D0-8FEC-201FC3D6B960}"
	ProjectSection(SolutionItems) = preProject
		Local.testsettings = Local.testsettings
		MatUtils1.vsmdi = MatUtils1.vsmdi
		TraceAndTestImpact.testsettings = TraceAndTestImpact.testsettings
	EndProjectSection
EndProject
Project("{FAE04EC0-301F-11D3-BF4B-00C04F79EFBC}") = "ConsoleTests", "ConsoleTests\ConsoleTests.csproj", "{C426013A-DFE9-4DFD-9CB1-B389C6290367}"
EndProject
Project("{FAE04EC0-301F-11D3-BF4B-00C04F79EFBC}") = "OdmpProblem", "OdmpProblem\OdmpProblem.csproj", "{4480DDC7-E675-4EC1-912D-64DE05948E54}"
EndProject
Project("{FAE04EC0-301F-11D3-BF4B-00C04F79EFBC}") = "Mathematics.Test", "Mathematics.Test\Mathematics.Test.csproj", "{1F0844F1-6095-47AD-9137-A327DEFA9578}"
EndProject
Project("{FAE04EC0-301F-11D3-BF4B-00C04F79EFBC}") = "OdmpProblem.Test", "OdmpProblem.Test\OdmpProblem.Test.csproj", "{18D06F19-C349-4612-9BA7-4EEB25CD0313}"
EndProject
Global
	GlobalSection(TestCaseManagementSettings) = postSolution
		CategoryFile = MatUtils1.vsmdi
	EndGlobalSection
	GlobalSection(SolutionConfigurationPlatforms) = preSolution
		Debug|Any CPU = Debug|Any CPU
		Debug|Mixed Platforms = Debug|Mixed Platforms
		Debug|x86 = Debug|x86
		Release|Any CPU = Release|Any CPU
		Release|Mixed Platforms = Release|Mixed Platforms
		Release|x86 = Release|x86
	EndGlobalSection
	GlobalSection(ProjectConfigurationPlatforms) = postSolution
		{301A8CA6-8B0D-40B5-A6AC-0671FE9EE74D}.Debug|Any CPU.ActiveCfg = Debug|Any CPU
		{301A8CA6-8B0D-40B5-A6AC-0671FE9EE74D}.Debug|Any CPU.Build.0 = Debug|Any CPU
		{301A8CA6-8B0D-40B5-A6AC-0671FE9EE74D}.Debug|Mixed Platforms.ActiveCfg = Debug|Any CPU
		{301A8CA6-8B0D-40B5-A6AC-0671FE9EE74D}.Debug|Mixed Platforms.Build.0 = Debug|Any CPU
		{301A8CA6-8B0D-40B5-A6AC-0671FE9EE74D}.Debug|x86.ActiveCfg = Debug|Any CPU
		{301A8CA6-8B0D-40B5-A6AC-0671FE9EE74D}.Release|Any CPU.ActiveCfg = Release|Any CPU
		{301A8CA6-8B0D-40B5-A6AC-0671FE9EE74D}.Release|Any CPU.Build.0 = Release|Any CPU
		{301A8CA6-8B0D-40B5-A6AC-0671FE9EE74D}.Release|Mixed Platforms.ActiveCfg = Release|Any CPU
		{301A8CA6-8B0D-40B5-A6AC-0671FE9EE74D}.Release|Mixed Platforms.Build.0 = Release|Any CPU
		{301A8CA6-8B0D-40B5-A6AC-0671FE9EE74D}.Release|x86.ActiveCfg = Release|Any CPU
		{0C268918-73CB-46FB-93C8-87792CF351FA}.Debug|Any CPU.ActiveCfg = Debug|Any CPU
		{0C268918-73CB-46FB-93C8-87792CF351FA}.Debug|Any CPU.Build.0 = Debug|Any CPU
		{0C268918-73CB-46FB-93C8-87792CF351FA}.Debug|Mixed Platforms.ActiveCfg = Debug|Any CPU
		{0C268918-73CB-46FB-93C8-87792CF351FA}.Debug|Mixed Platforms.Build.0 = Debug|Any CPU
		{0C268918-73CB-46FB-93C8-87792CF351FA}.Debug|x86.ActiveCfg = Debug|Any CPU
		{0C268918-73CB-46FB-93C8-87792CF351FA}.Release|Any CPU.ActiveCfg = Release|Any CPU
		{0C268918-73CB-46FB-93C8-87792CF351FA}.Release|Any CPU.Build.0 = Release|Any CPU
		{0C268918-73CB-46FB-93C8-87792CF351FA}.Release|Mixed Platforms.ActiveCfg = Release|Any CPU
		{0C268918-73CB-46FB-93C8-87792CF351FA}.Release|Mixed Platforms.Build.0 = Release|Any CPU
		{0C268918-73CB-46FB-93C8-87792CF351FA}.Release|x86.ActiveCfg = Release|Any CPU
		{C426013A-DFE9-4DFD-9CB1-B389C6290367}.Debug|Any CPU.ActiveCfg = Debug|x86
		{C426013A-DFE9-4DFD-9CB1-B389C6290367}.Debug|Mixed Platforms.ActiveCfg = Debug|x86
		{C426013A-DFE9-4DFD-9CB1-B389C6290367}.Debug|Mixed Platforms.Build.0 = Debug|x86
		{C426013A-DFE9-4DFD-9CB1-B389C6290367}.Debug|x86.ActiveCfg = Debug|x86
		{C426013A-DFE9-4DFD-9CB1-B389C6290367}.Debug|x86.Build.0 = Debug|x86
		{C426013A-DFE9-4DFD-9CB1-B389C6290367}.Release|Any CPU.ActiveCfg = Release|x86
		{C426013A-DFE9-4DFD-9CB1-B389C6290367}.Release|Mixed Platforms.ActiveCfg = Release|x86
		{C426013A-DFE9-4DFD-9CB1-B389C6290367}.Release|Mixed Platforms.Build.0 = Release|x86
		{C426013A-DFE9-4DFD-9CB1-B389C6290367}.Release|x86.ActiveCfg = Release|x86
		{C426013A-DFE9-4DFD-9CB1-B389C6290367}.Release|x86.Build.0 = Release|x86
		{4480DDC7-E675-4EC1-912D-64DE05948E54}.Debug|Any CPU.ActiveCfg = Debug|Any CPU
		{4480DDC7-E675-4EC1-912D-64DE05948E54}.Debug|Any CPU.Build.0 = Debug|Any CPU
		{4480DDC7-E675-4EC1-912D-64DE05948E54}.Debug|Mixed Platforms.ActiveCfg = Debug|Any CPU
		{4480DDC7-E675-4EC1-912D-64DE05948E54}.Debug|Mixed Platforms.Build.0 = Debug|Any CPU
		{4480DDC7-E675-4EC1-912D-64DE05948E54}.Debug|x86.ActiveCfg = Debug|Any CPU
		{4480DDC7-E675-4EC1-912D-64DE05948E54}.Release|Any CPU.ActiveCfg = Release|Any CPU
		{4480DDC7-E675-4EC1-912D-64DE05948E54}.Release|Any CPU.Build.0 = Release|Any CPU
		{4480DDC7-E675-4EC1-912D-64DE05948E54}.Release|Mixed Platforms.ActiveCfg = Release|Any CPU
		{4480DDC7-E675-4EC1-912D-64DE05948E54}.Release|Mixed Platforms.Build.0 = Release|Any CPU
		{4480DDC7-E675-4EC1-912D-64DE05948E54}.Release|x86.ActiveCfg = Release|Any CPU
		{1F0844F1-6095-47AD-9137-A327DEFA9578}.Debug|Any CPU.ActiveCfg = Debug|Any CPU
		{1F0844F1-6095-47AD-9137-A327DEFA9578}.Debug|Any CPU.Build.0 = Debug|Any CPU
		{1F0844F1-6095-47AD-9137-A327DEFA9578}.Debug|Mixed Platforms.ActiveCfg = Debug|Any CPU
		{1F0844F1-6095-47AD-9137-A327DEFA9578}.Debug|Mixed Platforms.Build.0 = Debug|Any CPU
		{1F0844F1-6095-47AD-9137-A327DEFA9578}.Debug|x86.ActiveCfg = Debug|Any CPU
		{1F0844F1-6095-47AD-9137-A327DEFA9578}.Release|Any CPU.ActiveCfg = Release|Any CPU
		{1F0844F1-6095-47AD-9137-A327DEFA9578}.Release|Any CPU.Build.0 = Release|Any CPU
		{1F0844F1-6095-47AD-9137-A327DEFA9578}.Release|Mixed Platforms.ActiveCfg = Release|Any CPU
		{1F0844F1-6095-47AD-9137-A327DEFA9578}.Release|Mixed Platforms.Build.0 = Release|Any CPU
		{1F0844F1-6095-47AD-9137-A327DEFA9578}.Release|x86.ActiveCfg = Release|Any CPU
		{18D06F19-C349-4612-9BA7-4EEB25CD0313}.Debug|Any CPU.ActiveCfg = Debug|Any CPU
		{18D06F19-C349-4612-9BA7-4EEB25CD0313}.Debug|Any CPU.Build.0 = Debug|Any CPU
		{18D06F19-C349-4612-9BA7-4EEB25CD0313}.Debug|Mixed Platforms.ActiveCfg = Debug|Any CPU
		{18D06F19-C349-4612-9BA7-4EEB25CD0313}.Debug|Mixed Platforms.Build.0 = Debug|Any CPU
		{18D06F19-C349-4612-9BA7-4EEB25CD0313}.Debug|x86.ActiveCfg = Debug|Any CPU
		{18D06F19-C349-4612-9BA7-4EEB25CD0313}.Release|Any CPU.ActiveCfg = Release|Any CPU
		{18D06F19-C349-4612-9BA7-4EEB25CD0313}.Release|Any CPU.Build.0 = Release|Any CPU
		{18D06F19-C349-4612-9BA7-4EEB25CD0313}.Release|Mixed Platforms.ActiveCfg = Release|Any CPU
		{18D06F19-C349-4612-9BA7-4EEB25CD0313}.Release|Mixed Platforms.Build.0 = Release|Any CPU
		{18D06F19-C349-4612-9BA7-4EEB25CD0313}.Release|x86.ActiveCfg = Release|Any CPU
	EndGlobalSection
	GlobalSection(SolutionProperties) = preSolution
		HideSolutionNode = FALSE
	EndGlobalSection
	GlobalSection(NestedProjects) = preSolution
		{0C268918-73CB-46FB-93C8-87792CF351FA} = {0344BDC8-12A7-49D0-8FEC-201FC3D6B960}
		{301A8CA6-8B0D-40B5-A6AC-0671FE9EE74D} = {0344BDC8-12A7-49D0-8FEC-201FC3D6B960}
		{C426013A-DFE9-4DFD-9CB1-B389C6290367} = {0344BDC8-12A7-49D0-8FEC-201FC3D6B960}
		{4480DDC7-E675-4EC1-912D-64DE05948E54} = {0344BDC8-12A7-49D0-8FEC-201FC3D6B960}
	EndGlobalSection
EndGlobal
